
Microsoft Visual Studio Solution File, Format Version 12.00
# Visual Studio 15
VisualStudioVersion = 15.0.28010.2016
MinimumVisualStudioVersion = 10.0.40219.1
Project("{2150E333-8FDC-42A3-9474-1A3956D46DE8}") = "src", "src", "{826FC5E9-8EFE-40FE-9D4E-54072B14968B}"
EndProject
Project("{2150E333-8FDC-42A3-9474-1A3956D46DE8}") = "icms-web", "icms-web", "{1A85B39D-8C4E-4E89-982A-416778D8EE08}"
EndProject
Project("{9A19103F-16F7-4668-BE54-9A1E7A4F7556}") = "ICMS.Web", "src\icms-web\ICMS.Web\ICMS.Web.csproj", "{4353FD25-3CB7-4C9E-BA74-73815F482CA2}"
EndProject
Project("{2150E333-8FDC-42A3-9474-1A3956D46DE8}") = "icms-service", "icms-service", "{F96B969C-3E93-43EE-9EC7-384435EF82E2}"
EndProject
Project("{2150E333-8FDC-42A3-9474-1A3956D46DE8}") = "icms-repository", "icms-repository", "{AB6CD3F0-0954-482D-93E1-33872498E5F2}"
EndProject
Project("{9A19103F-16F7-4668-BE54-9A1E7A4F7556}") = "ICMS.Entities", "src\icms-repository\ICMS.Entities\ICMS.Entities.csproj", "{98DF8F3F-6FDC-47E6-BC31-F7ABB9AC3D7D}"
EndProject
Project("{9A19103F-16F7-4668-BE54-9A1E7A4F7556}") = "ICMS.Repositories", "src\icms-repository\ICMS.Repositories\ICMS.Repositories.csproj", "{60DC0C8D-0FA9-4F27-86C6-E69FC2A98335}"
EndProject
Project("{9A19103F-16F7-4668-BE54-9A1E7A4F7556}") = "ICMS.Service", "src\icms-service\ICMS.Service\ICMS.Service.csproj", "{662F06F1-C1D5-43F6-972A-16985D742100}"
EndProject
Project("{2150E333-8FDC-42A3-9474-1A3956D46DE8}") = "icms-core", "icms-core", "{0E07777E-34EB-4BA5-B648-37E3AC175AEC}"
EndProject
Project("{9A19103F-16F7-4668-BE54-9A1E7A4F7556}") = "ICMS.Commons", "src\icms-core\ICMS.Commons\ICMS.Commons.csproj", "{B71EC30A-3AAC-48E6-8E3E-5C944753A305}"
EndProject
Project("{9A19103F-16F7-4668-BE54-9A1E7A4F7556}") = "ICMS.DTO", "src\icms-core\ICMS.DTO\ICMS.DTO.csproj", "{5C6B45BB-727D-4984-AC76-9A305B1D8806}"
EndProject
Project("{2150E333-8FDC-42A3-9474-1A3956D46DE8}") = "icms-test", "icms-test", "{BA72302E-764D-4AE2-BB55-A6AD232F8277}"
EndProject
Project("{FAE04EC0-301F-11D3-BF4B-00C04F79EFBC}") = "ICMS.Test", "ICMS.Test\ICMS.Test.csproj", "{3770C845-1105-48E7-8611-BAB07AB8740D}"
EndProject
Global
	GlobalSection(SolutionConfigurationPlatforms) = preSolution
		Debug|Any CPU = Debug|Any CPU
		Release|Any CPU = Release|Any CPU
	EndGlobalSection
	GlobalSection(ProjectConfigurationPlatforms) = postSolution
		{4353FD25-3CB7-4C9E-BA74-73815F482CA2}.Debug|Any CPU.ActiveCfg = Debug|Any CPU
		{4353FD25-3CB7-4C9E-BA74-73815F482CA2}.Debug|Any CPU.Build.0 = Debug|Any CPU
		{4353FD25-3CB7-4C9E-BA74-73815F482CA2}.Release|Any CPU.ActiveCfg = Release|Any CPU
		{4353FD25-3CB7-4C9E-BA74-73815F482CA2}.Release|Any CPU.Build.0 = Release|Any CPU
		{98DF8F3F-6FDC-47E6-BC31-F7ABB9AC3D7D}.Debug|Any CPU.ActiveCfg = Debug|Any CPU
		{98DF8F3F-6FDC-47E6-BC31-F7ABB9AC3D7D}.Debug|Any CPU.Build.0 = Debug|Any CPU
		{98DF8F3F-6FDC-47E6-BC31-F7ABB9AC3D7D}.Release|Any CPU.ActiveCfg = Release|Any CPU
		{98DF8F3F-6FDC-47E6-BC31-F7ABB9AC3D7D}.Release|Any CPU.Build.0 = Release|Any CPU
		{60DC0C8D-0FA9-4F27-86C6-E69FC2A98335}.Debug|Any CPU.ActiveCfg = Debug|Any CPU
		{60DC0C8D-0FA9-4F27-86C6-E69FC2A98335}.Debug|Any CPU.Build.0 = Debug|Any CPU
		{60DC0C8D-0FA9-4F27-86C6-E69FC2A98335}.Release|Any CPU.ActiveCfg = Release|Any CPU
		{60DC0C8D-0FA9-4F27-86C6-E69FC2A98335}.Release|Any CPU.Build.0 = Release|Any CPU
		{662F06F1-C1D5-43F6-972A-16985D742100}.Debug|Any CPU.ActiveCfg = Debug|Any CPU
		{662F06F1-C1D5-43F6-972A-16985D742100}.Debug|Any CPU.Build.0 = Debug|Any CPU
		{662F06F1-C1D5-43F6-972A-16985D742100}.Release|Any CPU.ActiveCfg = Release|Any CPU
		{662F06F1-C1D5-43F6-972A-16985D742100}.Release|Any CPU.Build.0 = Release|Any CPU
		{B71EC30A-3AAC-48E6-8E3E-5C944753A305}.Debug|Any CPU.ActiveCfg = Debug|Any CPU
		{B71EC30A-3AAC-48E6-8E3E-5C944753A305}.Debug|Any CPU.Build.0 = Debug|Any CPU
		{B71EC30A-3AAC-48E6-8E3E-5C944753A305}.Release|Any CPU.ActiveCfg = Release|Any CPU
		{B71EC30A-3AAC-48E6-8E3E-5C944753A305}.Release|Any CPU.Build.0 = Release|Any CPU
		{5C6B45BB-727D-4984-AC76-9A305B1D8806}.Debug|Any CPU.ActiveCfg = Debug|Any CPU
		{5C6B45BB-727D-4984-AC76-9A305B1D8806}.Debug|Any CPU.Build.0 = Debug|Any CPU
		{5C6B45BB-727D-4984-AC76-9A305B1D8806}.Release|Any CPU.ActiveCfg = Release|Any CPU
		{5C6B45BB-727D-4984-AC76-9A305B1D8806}.Release|Any CPU.Build.0 = Release|Any CPU
		{3770C845-1105-48E7-8611-BAB07AB8740D}.Debug|Any CPU.ActiveCfg = Debug|Any CPU
		{3770C845-1105-48E7-8611-BAB07AB8740D}.Debug|Any CPU.Build.0 = Debug|Any CPU
		{3770C845-1105-48E7-8611-BAB07AB8740D}.Release|Any CPU.ActiveCfg = Release|Any CPU
		{3770C845-1105-48E7-8611-BAB07AB8740D}.Release|Any CPU.Build.0 = Release|Any CPU
	EndGlobalSection
	GlobalSection(SolutionProperties) = preSolution
		HideSolutionNode = FALSE
	EndGlobalSection
	GlobalSection(NestedProjects) = preSolution
		{1A85B39D-8C4E-4E89-982A-416778D8EE08} = {826FC5E9-8EFE-40FE-9D4E-54072B14968B}
		{4353FD25-3CB7-4C9E-BA74-73815F482CA2} = {1A85B39D-8C4E-4E89-982A-416778D8EE08}
		{F96B969C-3E93-43EE-9EC7-384435EF82E2} = {826FC5E9-8EFE-40FE-9D4E-54072B14968B}
		{AB6CD3F0-0954-482D-93E1-33872498E5F2} = {826FC5E9-8EFE-40FE-9D4E-54072B14968B}
		{98DF8F3F-6FDC-47E6-BC31-F7ABB9AC3D7D} = {AB6CD3F0-0954-482D-93E1-33872498E5F2}
		{60DC0C8D-0FA9-4F27-86C6-E69FC2A98335} = {AB6CD3F0-0954-482D-93E1-33872498E5F2}
		{662F06F1-C1D5-43F6-972A-16985D742100} = {F96B969C-3E93-43EE-9EC7-384435EF82E2}
		{0E07777E-34EB-4BA5-B648-37E3AC175AEC} = {826FC5E9-8EFE-40FE-9D4E-54072B14968B}
		{B71EC30A-3AAC-48E6-8E3E-5C944753A305} = {0E07777E-34EB-4BA5-B648-37E3AC175AEC}
		{5C6B45BB-727D-4984-AC76-9A305B1D8806} = {0E07777E-34EB-4BA5-B648-37E3AC175AEC}
		{BA72302E-764D-4AE2-BB55-A6AD232F8277} = {826FC5E9-8EFE-40FE-9D4E-54072B14968B}
		{3770C845-1105-48E7-8611-BAB07AB8740D} = {BA72302E-764D-4AE2-BB55-A6AD232F8277}
	EndGlobalSection
	GlobalSection(ExtensibilityGlobals) = postSolution
		SolutionGuid = {EC55F430-F137-4080-ABB6-909C0E4E942C}
	EndGlobalSection
EndGlobal
